// !$*UTF8*$!
{
	archiveVersion = 1;
	classes = {
	};
	objectVersion = 48;
	objects = {

/* Begin PBXBuildFile section */
		6362702C1FAABF020015DEEF /* ObservationTVCell.swift in Sources */ = {isa = PBXBuildFile; fileRef = 6362702B1FAABF020015DEEF /* ObservationTVCell.swift */; };
		63DA45A71FAA269500D1AF7D /* FieldSurveyJSONLoader.swift in Sources */ = {isa = PBXBuildFile; fileRef = 63DA45A61FAA269500D1AF7D /* FieldSurveyJSONLoader.swift */; };
		63DA45A91FAA2A3500D1AF7D /* ObservationsViewController.swift in Sources */ = {isa = PBXBuildFile; fileRef = 63DA45A81FAA2A3500D1AF7D /* ObservationsViewController.swift */; };
		63DA45AB1FAA2A5F00D1AF7D /* ObservationDVController.swift in Sources */ = {isa = PBXBuildFile; fileRef = 63DA45AA1FAA2A5F00D1AF7D /* ObservationDVController.swift */; };
		63E19BE61FA96FF900DA9C30 /* AppDelegate.swift in Sources */ = {isa = PBXBuildFile; fileRef = 63E19BE51FA96FF900DA9C30 /* AppDelegate.swift */; };
		63E19BEB1FA96FF900DA9C30 /* Main.storyboard in Resources */ = {isa = PBXBuildFile; fileRef = 63E19BE91FA96FF900DA9C30 /* Main.storyboard */; };
		63E19BED1FA96FF900DA9C30 /* Assets.xcassets in Resources */ = {isa = PBXBuildFile; fileRef = 63E19BEC1FA96FF900DA9C30 /* Assets.xcassets */; };
		63E19BF01FA96FF900DA9C30 /* LaunchScreen.storyboard in Resources */ = {isa = PBXBuildFile; fileRef = 63E19BEE1FA96FF900DA9C30 /* LaunchScreen.storyboard */; };
		63E19BFD1FA974FE00DA9C30 /* Classification.swift in Sources */ = {isa = PBXBuildFile; fileRef = 63E19BFC1FA974FE00DA9C30 /* Classification.swift */; };
		63E19BFF1FA976D200DA9C30 /* Observation.swift in Sources */ = {isa = PBXBuildFile; fileRef = 63E19BFE1FA976D200DA9C30 /* Observation.swift */; };
		63E19C011FA979C500DA9C30 /* FieldSurveyJSONParser.swift in Sources */ = {isa = PBXBuildFile; fileRef = 63E19C001FA979C500DA9C30 /* FieldSurveyJSONParser.swift */; };
/* End PBXBuildFile section */

/* Begin PBXFileReference section */
		6362702B1FAABF020015DEEF /* ObservationTVCell.swift */ = {isa = PBXFileReference; lastKnownFileType = sourcecode.swift; path = ObservationTVCell.swift; sourceTree = "<group>"; };
		63DA45A61FAA269500D1AF7D /* FieldSurveyJSONLoader.swift */ = {isa = PBXFileReference; lastKnownFileType = sourcecode.swift; path = FieldSurveyJSONLoader.swift; sourceTree = "<group>"; };
		63DA45A81FAA2A3500D1AF7D /* ObservationsViewController.swift */ = {isa = PBXFileReference; lastKnownFileType = sourcecode.swift; path = ObservationsViewController.swift; sourceTree = "<group>"; };
		63DA45AA1FAA2A5F00D1AF7D /* ObservationDVController.swift */ = {isa = PBXFileReference; lastKnownFileType = sourcecode.swift; path = ObservationDVController.swift; sourceTree = "<group>"; };
		63E19BE51FA96FF900DA9C30 /* AppDelegate.swift */ = {isa = PBXFileReference; lastKnownFileType = sourcecode.swift; path = AppDelegate.swift; sourceTree = "<group>"; };
		63E19BEA1FA96FF900DA9C30 /* Base */ = {isa = PBXFileReference; lastKnownFileType = file.storyboard; name = Base; path = Base.lproj/Main.storyboard; sourceTree = "<group>"; };
		63E19BEC1FA96FF900DA9C30 /* Assets.xcassets */ = {isa = PBXFileReference; lastKnownFileType = folder.assetcatalog; path = Assets.xcassets; sourceTree = "<group>"; };
		63E19BEF1FA96FF900DA9C30 /* Base */ = {isa = PBXFileReference; lastKnownFileType = file.storyboard; name = Base; path = Base.lproj/LaunchScreen.storyboard; sourceTree = "<group>"; };
		63E19BF11FA96FF900DA9C30 /* Info.plist */ = {isa = PBXFileReference; lastKnownFileType = text.plist.xml; path = Info.plist; sourceTree = "<group>"; };
		63E19BFA1FA973F300DA9C30 /* field_observations.json */ = {isa = PBXFileReference; fileEncoding = 4; lastKnownFileType = text.json; path = field_observations.json; sourceTree = "<group>"; };
		63E19BFC1FA974FE00DA9C30 /* Classification.swift */ = {isa = PBXFileReference; lastKnownFileType = sourcecode.swift; path = Classification.swift; sourceTree = "<group>"; };
		63E19BFE1FA976D200DA9C30 /* Observation.swift */ = {isa = PBXFileReference; lastKnownFileType = sourcecode.swift; path = Observation.swift; sourceTree = "<group>"; };
		63E19C001FA979C500DA9C30 /* FieldSurveyJSONParser.swift */ = {isa = PBXFileReference; lastKnownFileType = sourcecode.swift; path = FieldSurveyJSONParser.swift; sourceTree = "<group>"; };
		F2C039B01FAD5FB9002924F9 /* Animal Field Survey.app */ = {isa = PBXFileReference; explicitFileType = wrapper.application; includeInIndex = 0; path = "Animal Field Survey.app"; sourceTree = BUILT_PRODUCTS_DIR; };
/* End PBXFileReference section */

/* Begin PBXFrameworksBuildPhase section */
		63E19BDF1FA96FF900DA9C30 /* Frameworks */ = {
			isa = PBXFrameworksBuildPhase;
			buildActionMask = 2147483647;
			files = (
			);
			runOnlyForDeploymentPostprocessing = 0;
		};
/* End PBXFrameworksBuildPhase section */

/* Begin PBXGroup section */
		63E19BD91FA96FF900DA9C30 = {
			isa = PBXGroup;
			children = (
				63E19BE41FA96FF900DA9C30 /* Field Survey */,
				F2C039B01FAD5FB9002924F9 /* Animal Field Survey.app */,
			);
			sourceTree = "<group>";
		};
		63E19BE41FA96FF900DA9C30 /* Field Survey */ = {
			isa = PBXGroup;
			children = (
				63E19BF71FA9738E00DA9C30 /* Model */,
				63E19BE51FA96FF900DA9C30 /* AppDelegate.swift */,
				63E19BEC1FA96FF900DA9C30 /* Assets.xcassets */,
				63E19BE91FA96FF900DA9C30 /* Main.storyboard */,
				63E19BEE1FA96FF900DA9C30 /* LaunchScreen.storyboard */,
				63E19BF11FA96FF900DA9C30 /* Info.plist */,
				63DA45A81FAA2A3500D1AF7D /* ObservationsViewController.swift */,
				63DA45AA1FAA2A5F00D1AF7D /* ObservationDVController.swift */,
				6362702B1FAABF020015DEEF /* ObservationTVCell.swift */,
			);
			path = "Field Survey";
			sourceTree = "<group>";
		};
		63E19BF71FA9738E00DA9C30 /* Model */ = {
			isa = PBXGroup;
			children = (
				63E19BFA1FA973F300DA9C30 /* field_observations.json */,
				63E19BFC1FA974FE00DA9C30 /* Classification.swift */,
				63E19BFE1FA976D200DA9C30 /* Observation.swift */,
				63E19C001FA979C500DA9C30 /* FieldSurveyJSONParser.swift */,
				63DA45A61FAA269500D1AF7D /* FieldSurveyJSONLoader.swift */,
			);
			path = Model;
			sourceTree = "<group>";
		};
/* End PBXGroup section */

/* Begin PBXNativeTarget section */
		63E19BE11FA96FF900DA9C30 /* Animal Field Survey */ = {
			isa = PBXNativeTarget;
			buildConfigurationList = 63E19BF41FA96FF900DA9C30 /* Build configuration list for PBXNativeTarget "Animal Field Survey" */;
			buildPhases = (
				63E19BDE1FA96FF900DA9C30 /* Sources */,
				63E19BDF1FA96FF900DA9C30 /* Frameworks */,
				63E19BE01FA96FF900DA9C30 /* Resources */,
			);
			buildRules = (
			);
			dependencies = (
			);
			name = "Animal Field Survey";
			productName = "Field Survey";
			productReference = F2C039B01FAD5FB9002924F9 /* Animal Field Survey.app */;
			productType = "com.apple.product-type.application";
		};
/* End PBXNativeTarget section */

/* Begin PBXProject section */
		63E19BDA1FA96FF900DA9C30 /* Project object */ = {
			isa = PBXProject;
			attributes = {
				LastSwiftUpdateCheck = 0900;
				LastUpgradeCheck = 0900;
				ORGANIZATIONNAME = "Sean Buchholz";
				TargetAttributes = {
					63E19BE11FA96FF900DA9C30 = {
						CreatedOnToolsVersion = 9.0.1;
						ProvisioningStyle = Manual;
					};
				};
			};
			buildConfigurationList = 63E19BDD1FA96FF900DA9C30 /* Build configuration list for PBXProject "Field Survey" */;
			compatibilityVersion = "Xcode 8.0";
			developmentRegion = en;
			hasScannedForEncodings = 0;
			knownRegions = (
				en,
				Base,
			);
			mainGroup = 63E19BD91FA96FF900DA9C30;
			productRefGroup = 63E19BD91FA96FF900DA9C30;
			projectDirPath = "";
			projectRoot = "";
			targets = (
				63E19BE11FA96FF900DA9C30 /* Animal Field Survey */,
			);
		};
/* End PBXProject section */

/* Begin PBXResourcesBuildPhase section */
		63E19BE01FA96FF900DA9C30 /* Resources */ = {
			isa = PBXResourcesBuildPhase;
			buildActionMask = 2147483647;
			files = (
				63E19BF01FA96FF900DA9C30 /* LaunchScreen.storyboard in Resources */,
				63E19BED1FA96FF900DA9C30 /* Assets.xcassets in Resources */,
				63E19BEB1FA96FF900DA9C30 /* Main.storyboard in Resources */,
			);
			runOnlyForDeploymentPostprocessing = 0;
		};
/* End PBXResourcesBuildPhase section */

/* Begin PBXSourcesBuildPhase section */
		63E19BDE1FA96FF900DA9C30 /* Sources */ = {
			isa = PBXSourcesBuildPhase;
			buildActionMask = 2147483647;
			files = (
				6362702C1FAABF020015DEEF /* ObservationTVCell.swift in Sources */,
				63DA45AB1FAA2A5F00D1AF7D /* ObservationDVController.swift in Sources */,
				63E19BE61FA96FF900DA9C30 /* AppDelegate.swift in Sources */,
				63E19BFF1FA976D200DA9C30 /* Observation.swift in Sources */,
				63E19BFD1FA974FE00DA9C30 /* Classification.swift in Sources */,
				63DA45A71FAA269500D1AF7D /* FieldSurveyJSONLoader.swift in Sources */,
				63DA45A91FAA2A3500D1AF7D /* ObservationsViewController.swift in Sources */,
				63E19C011FA979C500DA9C30 /* FieldSurveyJSONParser.swift in Sources */,
			);
			runOnlyForDeploymentPostprocessing = 0;
		};
/* End PBXSourcesBuildPhase section */

/* Begin PBXVariantGroup section */
		63E19BE91FA96FF900DA9C30 /* Main.storyboard */ = {
			isa = PBXVariantGroup;
			children = (
				63E19BEA1FA96FF900DA9C30 /* Base */,
			);
			name = Main.storyboard;
			sourceTree = "<group>";
		};
		63E19BEE1FA96FF900DA9C30 /* LaunchScreen.storyboard */ = {
			isa = PBXVariantGroup;
			children = (
				63E19BEF1FA96FF900DA9C30 /* Base */,
			);
			name = LaunchScreen.storyboard;
			sourceTree = "<group>";
		};
/* End PBXVariantGroup section */

/* Begin XCBuildConfiguration section */
		63E19BF21FA96FF900DA9C30 /* Debug */ = {
			isa = XCBuildConfiguration;
			buildSettings = {
				ALWAYS_SEARCH_USER_PATHS = NO;
				CLANG_ANALYZER_NONNULL = YES;
				CLANG_ANALYZER_NUMBER_OBJECT_CONVERSION = YES_AGGRESSIVE;
				CLANG_CXX_LANGUAGE_STANDARD = "gnu++14";
				CLANG_CXX_LIBRARY = "libc++";
				CLANG_ENABLE_MODULES = YES;
				CLANG_ENABLE_OBJC_ARC = YES;
				CLANG_WARN_BLOCK_CAPTURE_AUTORELEASING = YES;
				CLANG_WARN_BOOL_CONVERSION = YES;
				CLANG_WARN_COMMA = YES;
				CLANG_WARN_CONSTANT_CONVERSION = YES;
				CLANG_WARN_DIRECT_OBJC_ISA_USAGE = YES_ERROR;
				CLANG_WARN_DOCUMENTATION_COMMENTS = YES;
				CLANG_WARN_EMPTY_BODY = YES;
				CLANG_WARN_ENUM_CONVERSION = YES;
				CLANG_WARN_INFINITE_RECURSION = YES;
				CLANG_WARN_INT_CONVERSION = YES;
				CLANG_WARN_NON_LITERAL_NULL_CONVERSION = YES;
				CLANG_WARN_OBJC_LITERAL_CONVERSION = YES;
				CLANG_WARN_OBJC_ROOT_CLASS = YES_ERROR;
				CLANG_WARN_RANGE_LOOP_ANALYSIS = YES;
				CLANG_WARN_STRICT_PROTOTYPES = YES;
				CLANG_WARN_SUSPICIOUS_MOVE = YES;
				CLANG_WARN_UNGUARDED_AVAILABILITY = YES_AGGRESSIVE;
				CLANG_WARN_UNREACHABLE_CODE = YES;
				CLANG_WARN__DUPLICATE_METHOD_MATCH = YES;
				CODE_SIGN_IDENTITY = "iPhone Developer";
				COPY_PHASE_STRIP = NO;
				DEBUG_INFORMATION_FORMAT = dwarf;
				ENABLE_STRICT_OBJC_MSGSEND = YES;
				ENABLE_TESTABILITY = YES;
				GCC_C_LANGUAGE_STANDARD = gnu11;
				GCC_DYNAMIC_NO_PIC = NO;
				GCC_NO_COMMON_BLOCKS = YES;
				GCC_OPTIMIZATION_LEVEL = 0;
				GCC_PREPROCESSOR_DEFINITIONS = (
					"DEBUG=1",
					"$(inherited)",
				);
				GCC_WARN_64_TO_32_BIT_CONVERSION = YES;
				GCC_WARN_ABOUT_RETURN_TYPE = YES_ERROR;
				GCC_WARN_UNDECLARED_SELECTOR = YES;
				GCC_WARN_UNINITIALIZED_AUTOS = YES_AGGRESSIVE;
				GCC_WARN_UNUSED_FUNCTION = YES;
				GCC_WARN_UNUSED_VARIABLE = YES;
				IPHONEOS_DEPLOYMENT_TARGET = 11.0;
				MTL_ENABLE_DEBUG_INFO = YES;
				ONLY_ACTIVE_ARCH = YES;
				SDKROOT = iphoneos;
				SWIFT_ACTIVE_COMPILATION_CONDITIONS = DEBUG;
				SWIFT_OPTIMIZATION_LEVEL = "-Onone";
			};
			name = Debug;
		};
		63E19BF31FA96FF900DA9C30 /* Release */ = {
			isa = XCBuildConfiguration;
			buildSettings = {
				ALWAYS_SEARCH_USER_PATHS = NO;
				CLANG_ANALYZER_NONNULL = YES;
				CLANG_ANALYZER_NUMBER_OBJECT_CONVERSION = YES_AGGRESSIVE;
				CLANG_CXX_LANGUAGE_STANDARD = "gnu++14";
				CLANG_CXX_LIBRARY = "libc++";
				CLANG_ENABLE_MODULES = YES;
				CLANG_ENABLE_OBJC_ARC = YES;
				CLANG_WARN_BLOCK_CAPTURE_AUTORELEASING = YES;
				CLANG_WARN_BOOL_CONVERSION = YES;
				CLANG_WARN_COMMA = YES;
				CLANG_WARN_CONSTANT_CONVERSION = YES;
				CLANG_WARN_DIRECT_OBJC_ISA_USAGE = YES_ERROR;
				CLANG_WARN_DOCUMENTATION_COMMENTS = YES;
				CLANG_WARN_EMPTY_BODY = YES;
				CLANG_WARN_ENUM_CONVERSION = YES;
				CLANG_WARN_INFINITE_RECURSION = YES;
				CLANG_WARN_INT_CONVERSION = YES;
				CLANG_WARN_NON_LITERAL_NULL_CONVERSION = YES;
				CLANG_WARN_OBJC_LITERAL_CONVERSION = YES;
				CLANG_WARN_OBJC_ROOT_CLASS = YES_ERROR;
				CLANG_WARN_RANGE_LOOP_ANALYSIS = YES;
				CLANG_WARN_STRICT_PROTOTYPES = YES;
				CLANG_WARN_SUSPICIOUS_MOVE = YES;
				CLANG_WARN_UNGUARDED_AVAILABILITY = YES_AGGRESSIVE;
				CLANG_WARN_UNREACHABLE_CODE = YES;
				CLANG_WARN__DUPLICATE_METHOD_MATCH = YES;
				CODE_SIGN_IDENTITY = "iPhone Developer";
				COPY_PHASE_STRIP = NO;
				DEBUG_INFORMATION_FORMAT = "dwarf-with-dsym";
				ENABLE_NS_ASSERTIONS = NO;
				ENABLE_STRICT_OBJC_MSGSEND = YES;
				GCC_C_LANGUAGE_STANDARD = gnu11;
				GCC_NO_COMMON_BLOCKS = YES;
				GCC_WARN_64_TO_32_BIT_CONVERSION = YES;
				GCC_WARN_ABOUT_RETURN_TYPE = YES_ERROR;
				GCC_WARN_UNDECLARED_SELECTOR = YES;
				GCC_WARN_UNINITIALIZED_AUTOS = YES_AGGRESSIVE;
				GCC_WARN_UNUSED_FUNCTION = YES;
				GCC_WARN_UNUSED_VARIABLE = YES;
				IPHONEOS_DEPLOYMENT_TARGET = 11.0;
				MTL_ENABLE_DEBUG_INFO = NO;
				SDKROOT = iphoneos;
				SWIFT_OPTIMIZATION_LEVEL = "-Owholemodule";
				VALIDATE_PRODUCT = YES;
			};
			name = Release;
		};
		63E19BF51FA96FF900DA9C30 /* Debug */ = {
			isa = XCBuildConfiguration;
			buildSettings = {
				ASSETCATALOG_COMPILER_APPICON_NAME = AppIcon;
				CODE_SIGN_STYLE = Manual;
				DEVELOPMENT_TEAM = "";
				INFOPLIST_FILE = "Field Survey/Info.plist";
				LD_RUNPATH_SEARCH_PATHS = "$(inherited) @executable_path/Frameworks";
				PRODUCT_BUNDLE_IDENTIFIER = com.seanbuchholz.FieldSurvey;
				PRODUCT_NAME = "$(TARGET_NAME)";
				PROVISIONING_PROFILE_SPECIFIER = "";
				SWIFT_VERSION = 4.0;
				TARGETED_DEVICE_FAMILY = "1,2";
			};
			name = Debug;
		};
		63E19BF61FA96FF900DA9C30 /* Release */ = {
			isa = XCBuildConfiguration;
			buildSettings = {
				ASSETCATALOG_COMPILER_APPICON_NAME = AppIcon;
				CODE_SIGN_STYLE = Manual;
				DEVELOPMENT_TEAM = "";
				INFOPLIST_FILE = "Field Survey/Info.plist";
				LD_RUNPATH_SEARCH_PATHS = "$(inherited) @executable_path/Frameworks";
				PRODUCT_BUNDLE_IDENTIFIER = com.seanbuchholz.FieldSurvey;
				PRODUCT_NAME = "$(TARGET_NAME)";
				PROVISIONING_PROFILE_SPECIFIER = "";
				SWIFT_VERSION = 4.0;
				TARGETED_DEVICE_FAMILY = "1,2";
			};
			name = Release;
		};
/* End XCBuildConfiguration section */

/* Begin XCConfigurationList section */
		63E19BDD1FA96FF900DA9C30 /* Build configuration list for PBXProject "Field Survey" */ = {
			isa = XCConfigurationList;
			buildConfigurations = (
				63E19BF21FA96FF900DA9C30 /* Debug */,
				63E19BF31FA96FF900DA9C30 /* Release */,
			);
			defaultConfigurationIsVisible = 0;
			defaultConfigurationName = Release;
		};
		63E19BF41FA96FF900DA9C30 /* Build configuration list for PBXNativeTarget "Animal Field Survey" */ = {
			isa = XCConfigurationList;
			buildConfigurations = (
				63E19BF51FA96FF900DA9C30 /* Debug */,
				63E19BF61FA96FF900DA9C30 /* Release */,
			);
			defaultConfigurationIsVisible = 0;
			defaultConfigurationName = Release;
		};
/* End XCConfigurationList section */
	};
	rootObject = 63E19BDA1FA96FF900DA9C30 /* Project object */;
}
